
Microsoft Visual Studio Solution File, Format Version 12.00
# Visual Studio 15
VisualStudioVersion = 15.0.27130.2036
MinimumVisualStudioVersion = 10.0.40219.1
Project("{9A19103F-16F7-4668-BE54-9A1E7A4F7556}") = "Data_Structures", "Data_Structures\Data_Structures.csproj", "{B34233BD-A62A-46F0-9537-19C53FF66721}"
EndProject
Global
	GlobalSection(SolutionConfigurationPlatforms) = preSolution
		Debug|Any CPU = Debug|Any CPU
		Release|Any CPU = Release|Any CPU
	EndGlobalSection
	GlobalSection(ProjectConfigurationPlatforms) = postSolution
		{B34233BD-A62A-46F0-9537-19C53FF66721}.Debug|Any CPU.ActiveCfg = Debug|Any CPU
		{B34233BD-A62A-46F0-9537-19C53FF66721}.Debug|Any CPU.Build.0 = Debug|Any CPU
		{B34233BD-A62A-46F0-9537-19C53FF66721}.Release|Any CPU.ActiveCfg = Release|Any CPU
		{B34233BD-A62A-46F0-9537-19C53FF66721}.Release|Any CPU.Build.0 = Release|Any CPU
	EndGlobalSection
	GlobalSection(SolutionProperties) = preSolution
		HideSolutionNode = FALSE
	EndGlobalSection
	GlobalSection(ExtensibilityGlobals) = postSolution
		SolutionGuid = {007E6325-D3C5-4F1D-9894-987C93022AC2}
	EndGlobalSection
EndGlobal
